{
  "name": "coverband_demo",
  "requires": true,
  "lockfileVersion": 1,
  "dependencies": {
    "bootstrap": {
      "version": "4.3.1",
      "resolved": "https://registry.npmjs.org/bootstrap/-/bootstrap-4.3.1.tgz",
      "integrity": "sha512-rXqOmH1VilAt2DyPzluTi2blhk17bO7ef+zLLPlWvG494pDxcM234pJ8wTc/6R40UWizAIIMgxjvxZg5kmsbag=="
    },
    "dom-factory": {
      "version": "1.0.0-alpha.10",
      "resolved": "https://registry.npmjs.org/dom-factory/-/dom-factory-1.0.0-alpha.10.tgz",
      "integrity": "sha512-BOwT8RTQgARfMaDdtqomMefo1T3AlWvaKaDH177DryLRZtLeKDytjipf+dQqDel+TO889Q7mUFmq0lZUWFI8dQ=="
    },
    "jquery": {
      "version": "3.3.1",
      "resolved": "https://registry.npmjs.org/jquery/-/jquery-3.3.1.tgz",
      "integrity": "sha512-Ubldcmxp5np52/ENotGxlLe6aGMvmF4R8S6tZjsP6Knsaxd/xp3Zrh50cG93lR6nPXyUFwzN3ZSOQI0wRJNdGg=="
    },
    "material-design-icons-iconfont": {
      "version": "3.0.3",
      "resolved": "https://registry.npmjs.org/material-design-icons-iconfont/-/material-design-icons-iconfont-3.0.3.tgz",
      "integrity": "sha1-FUoQhAR9Ticjf6f1o34Qdc7qbfI="
    },
    "material-design-kit": {
      "version": "1.0.0-alpha.20",
      "resolved": "https://registry.npmjs.org/material-design-kit/-/material-design-kit-1.0.0-alpha.20.tgz",
      "integrity": "sha512-unGtebSOO5DnNR4jyN+21DpziAtON6zlFxE6dUdxhiJh5Ec0DMGNpjrxW7ampksiy/lFK+XcYCZWwXmnqyaxvQ=="
    },
    "popper.js": {
      "version": "1.14.4",
      "resolved": "https://registry.npmjs.org/popper.js/-/popper.js-1.14.4.tgz",
      "integrity": "sha1-juwdj/AqWjoVLdQ0FKFce3n9abY="
    }
  }
}
